// !$*UTF8*$!
{
	archiveVersion = 1;
	classes = {
	};
	objectVersion = 56;
	objects = {

/* Begin PBXBuildFile section */
		2C506EC629FB041300105F7E /* AppDelegate.swift in Sources */ = {isa = PBXBuildFile; fileRef = 2C506EC529FB041300105F7E /* AppDelegate.swift */; };
		2C506EC829FB041300105F7E /* SceneDelegate.swift in Sources */ = {isa = PBXBuildFile; fileRef = 2C506EC729FB041300105F7E /* SceneDelegate.swift */; };
		2C506ECA29FB041300105F7E /* MasterViewController.swift in Sources */ = {isa = PBXBuildFile; fileRef = 2C506EC929FB041300105F7E /* MasterViewController.swift */; };
		2C506ECD29FB041300105F7E /* GlobalMainStoryboard.storyboard in Resources */ = {isa = PBXBuildFile; fileRef = 2C506ECB29FB041300105F7E /* GlobalMainStoryboard.storyboard */; };
		2C506ECF29FB041600105F7E /* Assets.xcassets in Resources */ = {isa = PBXBuildFile; fileRef = 2C506ECE29FB041600105F7E /* Assets.xcassets */; };
		2C506ED229FB041600105F7E /* LaunchScreen.storyboard in Resources */ = {isa = PBXBuildFile; fileRef = 2C506ED029FB041600105F7E /* LaunchScreen.storyboard */; };
		2C506EDD29FB041600105F7E /* GlobalAnywhereTests.swift in Sources */ = {isa = PBXBuildFile; fileRef = 2C506EDC29FB041600105F7E /* GlobalAnywhereTests.swift */; };
		2C506EE729FB041600105F7E /* GlobalAnywhereUITests.swift in Sources */ = {isa = PBXBuildFile; fileRef = 2C506EE629FB041600105F7E /* GlobalAnywhereUITests.swift */; };
		2C506EE929FB041600105F7E /* GlobalAnywhereUITestsLaunchTests.swift in Sources */ = {isa = PBXBuildFile; fileRef = 2C506EE829FB041600105F7E /* GlobalAnywhereUITestsLaunchTests.swift */; };
		2C506EF629FB061B00105F7E /* NetworkTraffic.swift in Sources */ = {isa = PBXBuildFile; fileRef = 2C506EF529FB061B00105F7E /* NetworkTraffic.swift */; };
		2C506EF829FB09E100105F7E /* DataModel.swift in Sources */ = {isa = PBXBuildFile; fileRef = 2C506EF729FB09E100105F7E /* DataModel.swift */; };
		2C506EFA29FB10FD00105F7E /* GlobalVariables.swift in Sources */ = {isa = PBXBuildFile; fileRef = 2C506EF929FB10FC00105F7E /* GlobalVariables.swift */; };
		2C506EFC29FB7B0C00105F7E /* MasterViewCell.swift in Sources */ = {isa = PBXBuildFile; fileRef = 2C506EFB29FB7B0C00105F7E /* MasterViewCell.swift */; };
/* End PBXBuildFile section */

/* Begin PBXContainerItemProxy section */
		2C506ED929FB041600105F7E /* PBXContainerItemProxy */ = {
			isa = PBXContainerItemProxy;
			containerPortal = 2C506EBA29FB041300105F7E /* Project object */;
			proxyType = 1;
			remoteGlobalIDString = 2C506EC129FB041300105F7E;
			remoteInfo = GlobalAnywhere;
		};
		2C506EE329FB041600105F7E /* PBXContainerItemProxy */ = {
			isa = PBXContainerItemProxy;
			containerPortal = 2C506EBA29FB041300105F7E /* Project object */;
			proxyType = 1;
			remoteGlobalIDString = 2C506EC129FB041300105F7E;
			remoteInfo = GlobalAnywhere;
		};
/* End PBXContainerItemProxy section */

/* Begin PBXFileReference section */
		2C506EC229FB041300105F7E /* GlobalAnywhere.app */ = {isa = PBXFileReference; explicitFileType = wrapper.application; includeInIndex = 0; path = GlobalAnywhere.app; sourceTree = BUILT_PRODUCTS_DIR; };
		2C506EC529FB041300105F7E /* AppDelegate.swift */ = {isa = PBXFileReference; lastKnownFileType = sourcecode.swift; path = AppDelegate.swift; sourceTree = "<group>"; };
		2C506EC729FB041300105F7E /* SceneDelegate.swift */ = {isa = PBXFileReference; lastKnownFileType = sourcecode.swift; path = SceneDelegate.swift; sourceTree = "<group>"; };
		2C506EC929FB041300105F7E /* MasterViewController.swift */ = {isa = PBXFileReference; lastKnownFileType = sourcecode.swift; path = MasterViewController.swift; sourceTree = "<group>"; };
		2C506ECC29FB041300105F7E /* Base */ = {isa = PBXFileReference; lastKnownFileType = file.storyboard; name = Base; path = Base.lproj/GlobalMainStoryboard.storyboard; sourceTree = "<group>"; };
		2C506ECE29FB041600105F7E /* Assets.xcassets */ = {isa = PBXFileReference; lastKnownFileType = folder.assetcatalog; path = Assets.xcassets; sourceTree = "<group>"; };
		2C506ED129FB041600105F7E /* Base */ = {isa = PBXFileReference; lastKnownFileType = file.storyboard; name = Base; path = Base.lproj/LaunchScreen.storyboard; sourceTree = "<group>"; };
		2C506ED329FB041600105F7E /* Info.plist */ = {isa = PBXFileReference; lastKnownFileType = text.plist.xml; path = Info.plist; sourceTree = "<group>"; };
		2C506ED829FB041600105F7E /* GlobalAnywhereTests.xctest */ = {isa = PBXFileReference; explicitFileType = wrapper.cfbundle; includeInIndex = 0; path = GlobalAnywhereTests.xctest; sourceTree = BUILT_PRODUCTS_DIR; };
		2C506EDC29FB041600105F7E /* GlobalAnywhereTests.swift */ = {isa = PBXFileReference; lastKnownFileType = sourcecode.swift; path = GlobalAnywhereTests.swift; sourceTree = "<group>"; };
		2C506EE229FB041600105F7E /* GlobalAnywhereUITests.xctest */ = {isa = PBXFileReference; explicitFileType = wrapper.cfbundle; includeInIndex = 0; path = GlobalAnywhereUITests.xctest; sourceTree = BUILT_PRODUCTS_DIR; };
		2C506EE629FB041600105F7E /* GlobalAnywhereUITests.swift */ = {isa = PBXFileReference; lastKnownFileType = sourcecode.swift; path = GlobalAnywhereUITests.swift; sourceTree = "<group>"; };
		2C506EE829FB041600105F7E /* GlobalAnywhereUITestsLaunchTests.swift */ = {isa = PBXFileReference; lastKnownFileType = sourcecode.swift; path = GlobalAnywhereUITestsLaunchTests.swift; sourceTree = "<group>"; };
		2C506EF529FB061B00105F7E /* NetworkTraffic.swift */ = {isa = PBXFileReference; fileEncoding = 4; lastKnownFileType = sourcecode.swift; path = NetworkTraffic.swift; sourceTree = "<group>"; };
		2C506EF729FB09E100105F7E /* DataModel.swift */ = {isa = PBXFileReference; fileEncoding = 4; lastKnownFileType = sourcecode.swift; path = DataModel.swift; sourceTree = "<group>"; };
		2C506EF929FB10FC00105F7E /* GlobalVariables.swift */ = {isa = PBXFileReference; fileEncoding = 4; lastKnownFileType = sourcecode.swift; path = GlobalVariables.swift; sourceTree = "<group>"; };
		2C506EFB29FB7B0C00105F7E /* MasterViewCell.swift */ = {isa = PBXFileReference; lastKnownFileType = sourcecode.swift; path = MasterViewCell.swift; sourceTree = "<group>"; };
/* End PBXFileReference section */

/* Begin PBXFrameworksBuildPhase section */
		2C506EBF29FB041300105F7E /* Frameworks */ = {
			isa = PBXFrameworksBuildPhase;
			buildActionMask = 2147483647;
			files = (
			);
			runOnlyForDeploymentPostprocessing = 0;
		};
		2C506ED529FB041600105F7E /* Frameworks */ = {
			isa = PBXFrameworksBuildPhase;
			buildActionMask = 2147483647;
			files = (
			);
			runOnlyForDeploymentPostprocessing = 0;
		};
		2C506EDF29FB041600105F7E /* Frameworks */ = {
			isa = PBXFrameworksBuildPhase;
			buildActionMask = 2147483647;
			files = (
			);
			runOnlyForDeploymentPostprocessing = 0;
		};
/* End PBXFrameworksBuildPhase section */

/* Begin PBXGroup section */
		2C506EB929FB041300105F7E = {
			isa = PBXGroup;
			children = (
				2C506EC429FB041300105F7E /* GlobalAnywhere */,
				2C506EDB29FB041600105F7E /* GlobalAnywhereTests */,
				2C506EE529FB041600105F7E /* GlobalAnywhereUITests */,
				2C506EC329FB041300105F7E /* Products */,
			);
			sourceTree = "<group>";
		};
		2C506EC329FB041300105F7E /* Products */ = {
			isa = PBXGroup;
			children = (
				2C506EC229FB041300105F7E /* GlobalAnywhere.app */,
				2C506ED829FB041600105F7E /* GlobalAnywhereTests.xctest */,
				2C506EE229FB041600105F7E /* GlobalAnywhereUITests.xctest */,
			);
			name = Products;
			sourceTree = "<group>";
		};
		2C506EC429FB041300105F7E /* GlobalAnywhere */ = {
			isa = PBXGroup;
			children = (
				2C506EF529FB061B00105F7E /* NetworkTraffic.swift */,
				2C506EF729FB09E100105F7E /* DataModel.swift */,
				2C506EF929FB10FC00105F7E /* GlobalVariables.swift */,
				2C506EC529FB041300105F7E /* AppDelegate.swift */,
				2C506EC729FB041300105F7E /* SceneDelegate.swift */,
				2C506EC929FB041300105F7E /* MasterViewController.swift */,
				2C506EFB29FB7B0C00105F7E /* MasterViewCell.swift */,
				2C506ECB29FB041300105F7E /* GlobalMainStoryboard.storyboard */,
				2C506ECE29FB041600105F7E /* Assets.xcassets */,
				2C506ED029FB041600105F7E /* LaunchScreen.storyboard */,
				2C506ED329FB041600105F7E /* Info.plist */,
			);
			path = GlobalAnywhere;
			sourceTree = "<group>";
		};
		2C506EDB29FB041600105F7E /* GlobalAnywhereTests */ = {
			isa = PBXGroup;
			children = (
				2C506EDC29FB041600105F7E /* GlobalAnywhereTests.swift */,
			);
			path = GlobalAnywhereTests;
			sourceTree = "<group>";
		};
		2C506EE529FB041600105F7E /* GlobalAnywhereUITests */ = {
			isa = PBXGroup;
			children = (
				2C506EE629FB041600105F7E /* GlobalAnywhereUITests.swift */,
				2C506EE829FB041600105F7E /* GlobalAnywhereUITestsLaunchTests.swift */,
			);
			path = GlobalAnywhereUITests;
			sourceTree = "<group>";
		};
/* End PBXGroup section */

/* Begin PBXNativeTarget section */
		2C506EC129FB041300105F7E /* GlobalAnywhere */ = {
			isa = PBXNativeTarget;
			buildConfigurationList = 2C506EEC29FB041600105F7E /* Build configuration list for PBXNativeTarget "GlobalAnywhere" */;
			buildPhases = (
				2C506EBE29FB041300105F7E /* Sources */,
				2C506EBF29FB041300105F7E /* Frameworks */,
				2C506EC029FB041300105F7E /* Resources */,
			);
			buildRules = (
			);
			dependencies = (
			);
			name = GlobalAnywhere;
			productName = GlobalAnywhere;
			productReference = 2C506EC229FB041300105F7E /* GlobalAnywhere.app */;
			productType = "com.apple.product-type.application";
		};
		2C506ED729FB041600105F7E /* GlobalAnywhereTests */ = {
			isa = PBXNativeTarget;
			buildConfigurationList = 2C506EEF29FB041600105F7E /* Build configuration list for PBXNativeTarget "GlobalAnywhereTests" */;
			buildPhases = (
				2C506ED429FB041600105F7E /* Sources */,
				2C506ED529FB041600105F7E /* Frameworks */,
				2C506ED629FB041600105F7E /* Resources */,
			);
			buildRules = (
			);
			dependencies = (
				2C506EDA29FB041600105F7E /* PBXTargetDependency */,
			);
			name = GlobalAnywhereTests;
			productName = GlobalAnywhereTests;
			productReference = 2C506ED829FB041600105F7E /* GlobalAnywhereTests.xctest */;
			productType = "com.apple.product-type.bundle.unit-test";
		};
		2C506EE129FB041600105F7E /* GlobalAnywhereUITests */ = {
			isa = PBXNativeTarget;
			buildConfigurationList = 2C506EF229FB041600105F7E /* Build configuration list for PBXNativeTarget "GlobalAnywhereUITests" */;
			buildPhases = (
				2C506EDE29FB041600105F7E /* Sources */,
				2C506EDF29FB041600105F7E /* Frameworks */,
				2C506EE029FB041600105F7E /* Resources */,
			);
			buildRules = (
			);
			dependencies = (
				2C506EE429FB041600105F7E /* PBXTargetDependency */,
			);
			name = GlobalAnywhereUITests;
			productName = GlobalAnywhereUITests;
			productReference = 2C506EE229FB041600105F7E /* GlobalAnywhereUITests.xctest */;
			productType = "com.apple.product-type.bundle.ui-testing";
		};
/* End PBXNativeTarget section */

/* Begin PBXProject section */
		2C506EBA29FB041300105F7E /* Project object */ = {
			isa = PBXProject;
			attributes = {
				BuildIndependentTargetsInParallel = 1;
				LastSwiftUpdateCheck = 1430;
				LastUpgradeCheck = 1430;
				TargetAttributes = {
					2C506EC129FB041300105F7E = {
						CreatedOnToolsVersion = 14.3;
					};
					2C506ED729FB041600105F7E = {
						CreatedOnToolsVersion = 14.3;
						TestTargetID = 2C506EC129FB041300105F7E;
					};
					2C506EE129FB041600105F7E = {
						CreatedOnToolsVersion = 14.3;
						TestTargetID = 2C506EC129FB041300105F7E;
					};
				};
			};
			buildConfigurationList = 2C506EBD29FB041300105F7E /* Build configuration list for PBXProject "GlobalAnywhere" */;
			compatibilityVersion = "Xcode 14.0";
			developmentRegion = en;
			hasScannedForEncodings = 0;
			knownRegions = (
				en,
				Base,
			);
			mainGroup = 2C506EB929FB041300105F7E;
			productRefGroup = 2C506EC329FB041300105F7E /* Products */;
			projectDirPath = "";
			projectRoot = "";
			targets = (
				2C506EC129FB041300105F7E /* GlobalAnywhere */,
				2C506ED729FB041600105F7E /* GlobalAnywhereTests */,
				2C506EE129FB041600105F7E /* GlobalAnywhereUITests */,
			);
		};
/* End PBXProject section */

/* Begin PBXResourcesBuildPhase section */
		2C506EC029FB041300105F7E /* Resources */ = {
			isa = PBXResourcesBuildPhase;
			buildActionMask = 2147483647;
			files = (
				2C506ED229FB041600105F7E /* LaunchScreen.storyboard in Resources */,
				2C506ECF29FB041600105F7E /* Assets.xcassets in Resources */,
				2C506ECD29FB041300105F7E /* GlobalMainStoryboard.storyboard in Resources */,
			);
			runOnlyForDeploymentPostprocessing = 0;
		};
		2C506ED629FB041600105F7E /* Resources */ = {
			isa = PBXResourcesBuildPhase;
			buildActionMask = 2147483647;
			files = (
			);
			runOnlyForDeploymentPostprocessing = 0;
		};
		2C506EE029FB041600105F7E /* Resources */ = {
			isa = PBXResourcesBuildPhase;
			buildActionMask = 2147483647;
			files = (
			);
			runOnlyForDeploymentPostprocessing = 0;
		};
/* End PBXResourcesBuildPhase section */

/* Begin PBXSourcesBuildPhase section */
		2C506EBE29FB041300105F7E /* Sources */ = {
			isa = PBXSourcesBuildPhase;
			buildActionMask = 2147483647;
			files = (
				2C506EFA29FB10FD00105F7E /* GlobalVariables.swift in Sources */,
				2C506EF829FB09E100105F7E /* DataModel.swift in Sources */,
				2C506EFC29FB7B0C00105F7E /* MasterViewCell.swift in Sources */,
				2C506EF629FB061B00105F7E /* NetworkTraffic.swift in Sources */,
				2C506ECA29FB041300105F7E /* MasterViewController.swift in Sources */,
				2C506EC629FB041300105F7E /* AppDelegate.swift in Sources */,
				2C506EC829FB041300105F7E /* SceneDelegate.swift in Sources */,
			);
			runOnlyForDeploymentPostprocessing = 0;
		};
		2C506ED429FB041600105F7E /* Sources */ = {
			isa = PBXSourcesBuildPhase;
			buildActionMask = 2147483647;
			files = (
				2C506EDD29FB041600105F7E /* GlobalAnywhereTests.swift in Sources */,
			);
			runOnlyForDeploymentPostprocessing = 0;
		};
		2C506EDE29FB041600105F7E /* Sources */ = {
			isa = PBXSourcesBuildPhase;
			buildActionMask = 2147483647;
			files = (
				2C506EE929FB041600105F7E /* GlobalAnywhereUITestsLaunchTests.swift in Sources */,
				2C506EE729FB041600105F7E /* GlobalAnywhereUITests.swift in Sources */,
			);
			runOnlyForDeploymentPostprocessing = 0;
		};
/* End PBXSourcesBuildPhase section */

/* Begin PBXTargetDependency section */
		2C506EDA29FB041600105F7E /* PBXTargetDependency */ = {
			isa = PBXTargetDependency;
			target = 2C506EC129FB041300105F7E /* GlobalAnywhere */;
			targetProxy = 2C506ED929FB041600105F7E /* PBXContainerItemProxy */;
		};
		2C506EE429FB041600105F7E /* PBXTargetDependency */ = {
			isa = PBXTargetDependency;
			target = 2C506EC129FB041300105F7E /* GlobalAnywhere */;
			targetProxy = 2C506EE329FB041600105F7E /* PBXContainerItemProxy */;
		};
/* End PBXTargetDependency section */

/* Begin PBXVariantGroup section */
		2C506ECB29FB041300105F7E /* GlobalMainStoryboard.storyboard */ = {
			isa = PBXVariantGroup;
			children = (
				2C506ECC29FB041300105F7E /* Base */,
			);
			name = GlobalMainStoryboard.storyboard;
			sourceTree = "<group>";
		};
		2C506ED029FB041600105F7E /* LaunchScreen.storyboard */ = {
			isa = PBXVariantGroup;
			children = (
				2C506ED129FB041600105F7E /* Base */,
			);
			name = LaunchScreen.storyboard;
			sourceTree = "<group>";
		};
/* End PBXVariantGroup section */

/* Begin XCBuildConfiguration section */
		2C506EEA29FB041600105F7E /* Debug */ = {
			isa = XCBuildConfiguration;
			buildSettings = {
				ALWAYS_SEARCH_USER_PATHS = NO;
				CLANG_ANALYZER_NONNULL = YES;
				CLANG_ANALYZER_NUMBER_OBJECT_CONVERSION = YES_AGGRESSIVE;
				CLANG_CXX_LANGUAGE_STANDARD = "gnu++20";
				CLANG_ENABLE_MODULES = YES;
				CLANG_ENABLE_OBJC_ARC = YES;
				CLANG_ENABLE_OBJC_WEAK = YES;
				CLANG_WARN_BLOCK_CAPTURE_AUTORELEASING = YES;
				CLANG_WARN_BOOL_CONVERSION = YES;
				CLANG_WARN_COMMA = YES;
				CLANG_WARN_CONSTANT_CONVERSION = YES;
				CLANG_WARN_DEPRECATED_OBJC_IMPLEMENTATIONS = YES;
				CLANG_WARN_DIRECT_OBJC_ISA_USAGE = YES_ERROR;
				CLANG_WARN_DOCUMENTATION_COMMENTS = YES;
				CLANG_WARN_EMPTY_BODY = YES;
				CLANG_WARN_ENUM_CONVERSION = YES;
				CLANG_WARN_INFINITE_RECURSION = YES;
				CLANG_WARN_INT_CONVERSION = YES;
				CLANG_WARN_NON_LITERAL_NULL_CONVERSION = YES;
				CLANG_WARN_OBJC_IMPLICIT_RETAIN_SELF = YES;
				CLANG_WARN_OBJC_LITERAL_CONVERSION = YES;
				CLANG_WARN_OBJC_ROOT_CLASS = YES_ERROR;
				CLANG_WARN_QUOTED_INCLUDE_IN_FRAMEWORK_HEADER = YES;
				CLANG_WARN_RANGE_LOOP_ANALYSIS = YES;
				CLANG_WARN_STRICT_PROTOTYPES = YES;
				CLANG_WARN_SUSPICIOUS_MOVE = YES;
				CLANG_WARN_UNGUARDED_AVAILABILITY = YES_AGGRESSIVE;
				CLANG_WARN_UNREACHABLE_CODE = YES;
				CLANG_WARN__DUPLICATE_METHOD_MATCH = YES;
				COPY_PHASE_STRIP = NO;
				DEBUG_INFORMATION_FORMAT = dwarf;
				ENABLE_STRICT_OBJC_MSGSEND = YES;
				ENABLE_TESTABILITY = YES;
				GCC_C_LANGUAGE_STANDARD = gnu11;
				GCC_DYNAMIC_NO_PIC = NO;
				GCC_NO_COMMON_BLOCKS = YES;
				GCC_OPTIMIZATION_LEVEL = 0;
				GCC_PREPROCESSOR_DEFINITIONS = (
					"DEBUG=1",
					"$(inherited)",
				);
				GCC_WARN_64_TO_32_BIT_CONVERSION = YES;
				GCC_WARN_ABOUT_RETURN_TYPE = YES_ERROR;
				GCC_WARN_UNDECLARED_SELECTOR = YES;
				GCC_WARN_UNINITIALIZED_AUTOS = YES_AGGRESSIVE;
				GCC_WARN_UNUSED_FUNCTION = YES;
				GCC_WARN_UNUSED_VARIABLE = YES;
				IPHONEOS_DEPLOYMENT_TARGET = 16.4;
				MTL_ENABLE_DEBUG_INFO = INCLUDE_SOURCE;
				MTL_FAST_MATH = YES;
				ONLY_ACTIVE_ARCH = YES;
				SDKROOT = iphoneos;
				SWIFT_ACTIVE_COMPILATION_CONDITIONS = DEBUG;
				SWIFT_OPTIMIZATION_LEVEL = "-Onone";
			};
			name = Debug;
		};
		2C506EEB29FB041600105F7E /* Release */ = {
			isa = XCBuildConfiguration;
			buildSettings = {
				ALWAYS_SEARCH_USER_PATHS = NO;
				CLANG_ANALYZER_NONNULL = YES;
				CLANG_ANALYZER_NUMBER_OBJECT_CONVERSION = YES_AGGRESSIVE;
				CLANG_CXX_LANGUAGE_STANDARD = "gnu++20";
				CLANG_ENABLE_MODULES = YES;
				CLANG_ENABLE_OBJC_ARC = YES;
				CLANG_ENABLE_OBJC_WEAK = YES;
				CLANG_WARN_BLOCK_CAPTURE_AUTORELEASING = YES;
				CLANG_WARN_BOOL_CONVERSION = YES;
				CLANG_WARN_COMMA = YES;
				CLANG_WARN_CONSTANT_CONVERSION = YES;
				CLANG_WARN_DEPRECATED_OBJC_IMPLEMENTATIONS = YES;
				CLANG_WARN_DIRECT_OBJC_ISA_USAGE = YES_ERROR;
				CLANG_WARN_DOCUMENTATION_COMMENTS = YES;
				CLANG_WARN_EMPTY_BODY = YES;
				CLANG_WARN_ENUM_CONVERSION = YES;
				CLANG_WARN_INFINITE_RECURSION = YES;
				CLANG_WARN_INT_CONVERSION = YES;
				CLANG_WARN_NON_LITERAL_NULL_CONVERSION = YES;
				CLANG_WARN_OBJC_IMPLICIT_RETAIN_SELF = YES;
				CLANG_WARN_OBJC_LITERAL_CONVERSION = YES;
				CLANG_WARN_OBJC_ROOT_CLASS = YES_ERROR;
				CLANG_WARN_QUOTED_INCLUDE_IN_FRAMEWORK_HEADER = YES;
				CLANG_WARN_RANGE_LOOP_ANALYSIS = YES;
				CLANG_WARN_STRICT_PROTOTYPES = YES;
				CLANG_WARN_SUSPICIOUS_MOVE = YES;
				CLANG_WARN_UNGUARDED_AVAILABILITY = YES_AGGRESSIVE;
				CLANG_WARN_UNREACHABLE_CODE = YES;
				CLANG_WARN__DUPLICATE_METHOD_MATCH = YES;
				COPY_PHASE_STRIP = NO;
				DEBUG_INFORMATION_FORMAT = "dwarf-with-dsym";
				ENABLE_NS_ASSERTIONS = NO;
				ENABLE_STRICT_OBJC_MSGSEND = YES;
				GCC_C_LANGUAGE_STANDARD = gnu11;
				GCC_NO_COMMON_BLOCKS = YES;
				GCC_WARN_64_TO_32_BIT_CONVERSION = YES;
				GCC_WARN_ABOUT_RETURN_TYPE = YES_ERROR;
				GCC_WARN_UNDECLARED_SELECTOR = YES;
				GCC_WARN_UNINITIALIZED_AUTOS = YES_AGGRESSIVE;
				GCC_WARN_UNUSED_FUNCTION = YES;
				GCC_WARN_UNUSED_VARIABLE = YES;
				IPHONEOS_DEPLOYMENT_TARGET = 16.4;
				MTL_ENABLE_DEBUG_INFO = NO;
				MTL_FAST_MATH = YES;
				SDKROOT = iphoneos;
				SWIFT_COMPILATION_MODE = wholemodule;
				SWIFT_OPTIMIZATION_LEVEL = "-O";
				VALIDATE_PRODUCT = YES;
			};
			name = Release;
		};
		2C506EED29FB041600105F7E /* Debug */ = {
			isa = XCBuildConfiguration;
			buildSettings = {
				ASSETCATALOG_COMPILER_APPICON_NAME = AppIcon;
				ASSETCATALOG_COMPILER_GLOBAL_ACCENT_COLOR_NAME = AccentColor;
				CODE_SIGN_STYLE = Automatic;
				CURRENT_PROJECT_VERSION = 1;
				DEVELOPMENT_TEAM = 5TQPRFVH5E;
				GENERATE_INFOPLIST_FILE = YES;
				INFOPLIST_FILE = GlobalAnywhere/Info.plist;
				INFOPLIST_KEY_UIApplicationSupportsIndirectInputEvents = YES;
				INFOPLIST_KEY_UILaunchStoryboardName = LaunchScreen;
				INFOPLIST_KEY_UIMainStoryboardFile = GlobalMainStoryboard;
				INFOPLIST_KEY_UISupportedInterfaceOrientations_iPad = "UIInterfaceOrientationPortrait UIInterfaceOrientationPortraitUpsideDown UIInterfaceOrientationLandscapeLeft UIInterfaceOrientationLandscapeRight";
				INFOPLIST_KEY_UISupportedInterfaceOrientations_iPhone = "UIInterfaceOrientationPortrait UIInterfaceOrientationLandscapeLeft UIInterfaceOrientationLandscapeRight";
				LD_RUNPATH_SEARCH_PATHS = (
					"$(inherited)",
					"@executable_path/Frameworks",
				);
				MARKETING_VERSION = 1.0;
				PRODUCT_BUNDLE_IDENTIFIER = com.BearCave.GlobalAnywhere;
				PRODUCT_NAME = "$(TARGET_NAME)";
				SUPPORTED_PLATFORMS = "iphoneos iphonesimulator";
				SUPPORTS_MACCATALYST = NO;
				SUPPORTS_MAC_DESIGNED_FOR_IPHONE_IPAD = NO;
				SWIFT_EMIT_LOC_STRINGS = YES;
				SWIFT_VERSION = 5.0;
				TARGETED_DEVICE_FAMILY = "1,2";
			};
			name = Debug;
		};
		2C506EEE29FB041600105F7E /* Release */ = {
			isa = XCBuildConfiguration;
			buildSettings = {
				ASSETCATALOG_COMPILER_APPICON_NAME = AppIcon;
				ASSETCATALOG_COMPILER_GLOBAL_ACCENT_COLOR_NAME = AccentColor;
				CODE_SIGN_STYLE = Automatic;
				CURRENT_PROJECT_VERSION = 1;
				DEVELOPMENT_TEAM = 5TQPRFVH5E;
				GENERATE_INFOPLIST_FILE = YES;
				INFOPLIST_FILE = GlobalAnywhere/Info.plist;
				INFOPLIST_KEY_UIApplicationSupportsIndirectInputEvents = YES;
				INFOPLIST_KEY_UILaunchStoryboardName = LaunchScreen;
				INFOPLIST_KEY_UIMainStoryboardFile = GlobalMainStoryboard;
				INFOPLIST_KEY_UISupportedInterfaceOrientations_iPad = "UIInterfaceOrientationPortrait UIInterfaceOrientationPortraitUpsideDown UIInterfaceOrientationLandscapeLeft UIInterfaceOrientationLandscapeRight";
				INFOPLIST_KEY_UISupportedInterfaceOrientations_iPhone = "UIInterfaceOrientationPortrait UIInterfaceOrientationLandscapeLeft UIInterfaceOrientationLandscapeRight";
				LD_RUNPATH_SEARCH_PATHS = (
					"$(inherited)",
					"@executable_path/Frameworks",
				);
				MARKETING_VERSION = 1.0;
				PRODUCT_BUNDLE_IDENTIFIER = com.BearCave.GlobalAnywhere;
				PRODUCT_NAME = "$(TARGET_NAME)";
				SUPPORTED_PLATFORMS = "iphoneos iphonesimulator";
				SUPPORTS_MACCATALYST = NO;
				SUPPORTS_MAC_DESIGNED_FOR_IPHONE_IPAD = NO;
				SWIFT_EMIT_LOC_STRINGS = YES;
				SWIFT_VERSION = 5.0;
				TARGETED_DEVICE_FAMILY = "1,2";
			};
			name = Release;
		};
		2C506EF029FB041600105F7E /* Debug */ = {
			isa = XCBuildConfiguration;
			buildSettings = {
				ALWAYS_EMBED_SWIFT_STANDARD_LIBRARIES = YES;
				BUNDLE_LOADER = "$(TEST_HOST)";
				CODE_SIGN_STYLE = Automatic;
				CURRENT_PROJECT_VERSION = 1;
				DEVELOPMENT_TEAM = 5TQPRFVH5E;
				GENERATE_INFOPLIST_FILE = YES;
				IPHONEOS_DEPLOYMENT_TARGET = 16.4;
				MARKETING_VERSION = 1.0;
				PRODUCT_BUNDLE_IDENTIFIER = com.BearCave.GlobalAnywhereTests;
				PRODUCT_NAME = "$(TARGET_NAME)";
				SWIFT_EMIT_LOC_STRINGS = NO;
				SWIFT_VERSION = 5.0;
				TARGETED_DEVICE_FAMILY = "1,2";
				TEST_HOST = "$(BUILT_PRODUCTS_DIR)/GlobalAnywhere.app/$(BUNDLE_EXECUTABLE_FOLDER_PATH)/GlobalAnywhere";
			};
			name = Debug;
		};
		2C506EF129FB041600105F7E /* Release */ = {
			isa = XCBuildConfiguration;
			buildSettings = {
				ALWAYS_EMBED_SWIFT_STANDARD_LIBRARIES = YES;
				BUNDLE_LOADER = "$(TEST_HOST)";
				CODE_SIGN_STYLE = Automatic;
				CURRENT_PROJECT_VERSION = 1;
				DEVELOPMENT_TEAM = 5TQPRFVH5E;
				GENERATE_INFOPLIST_FILE = YES;
				IPHONEOS_DEPLOYMENT_TARGET = 16.4;
				MARKETING_VERSION = 1.0;
				PRODUCT_BUNDLE_IDENTIFIER = com.BearCave.GlobalAnywhereTests;
				PRODUCT_NAME = "$(TARGET_NAME)";
				SWIFT_EMIT_LOC_STRINGS = NO;
				SWIFT_VERSION = 5.0;
				TARGETED_DEVICE_FAMILY = "1,2";
				TEST_HOST = "$(BUILT_PRODUCTS_DIR)/GlobalAnywhere.app/$(BUNDLE_EXECUTABLE_FOLDER_PATH)/GlobalAnywhere";
			};
			name = Release;
		};
		2C506EF329FB041600105F7E /* Debug */ = {
			isa = XCBuildConfiguration;
			buildSettings = {
				ALWAYS_EMBED_SWIFT_STANDARD_LIBRARIES = YES;
				CODE_SIGN_STYLE = Automatic;
				CURRENT_PROJECT_VERSION = 1;
				DEVELOPMENT_TEAM = 5TQPRFVH5E;
				GENERATE_INFOPLIST_FILE = YES;
				MARKETING_VERSION = 1.0;
				PRODUCT_BUNDLE_IDENTIFIER = com.BearCave.GlobalAnywhereUITests;
				PRODUCT_NAME = "$(TARGET_NAME)";
				SWIFT_EMIT_LOC_STRINGS = NO;
				SWIFT_VERSION = 5.0;
				TARGETED_DEVICE_FAMILY = "1,2";
				TEST_TARGET_NAME = GlobalAnywhere;
			};
			name = Debug;
		};
		2C506EF429FB041600105F7E /* Release */ = {
			isa = XCBuildConfiguration;
			buildSettings = {
				ALWAYS_EMBED_SWIFT_STANDARD_LIBRARIES = YES;
				CODE_SIGN_STYLE = Automatic;
				CURRENT_PROJECT_VERSION = 1;
				DEVELOPMENT_TEAM = 5TQPRFVH5E;
				GENERATE_INFOPLIST_FILE = YES;
				MARKETING_VERSION = 1.0;
				PRODUCT_BUNDLE_IDENTIFIER = com.BearCave.GlobalAnywhereUITests;
				PRODUCT_NAME = "$(TARGET_NAME)";
				SWIFT_EMIT_LOC_STRINGS = NO;
				SWIFT_VERSION = 5.0;
				TARGETED_DEVICE_FAMILY = "1,2";
				TEST_TARGET_NAME = GlobalAnywhere;
			};
			name = Release;
		};
/* End XCBuildConfiguration section */

/* Begin XCConfigurationList section */
		2C506EBD29FB041300105F7E /* Build configuration list for PBXProject "GlobalAnywhere" */ = {
			isa = XCConfigurationList;
			buildConfigurations = (
				2C506EEA29FB041600105F7E /* Debug */,
				2C506EEB29FB041600105F7E /* Release */,
			);
			defaultConfigurationIsVisible = 0;
			defaultConfigurationName = Release;
		};
		2C506EEC29FB041600105F7E /* Build configuration list for PBXNativeTarget "GlobalAnywhere" */ = {
			isa = XCConfigurationList;
			buildConfigurations = (
				2C506EED29FB041600105F7E /* Debug */,
				2C506EEE29FB041600105F7E /* Release */,
			);
			defaultConfigurationIsVisible = 0;
			defaultConfigurationName = Release;
		};
		2C506EEF29FB041600105F7E /* Build configuration list for PBXNativeTarget "GlobalAnywhereTests" */ = {
			isa = XCConfigurationList;
			buildConfigurations = (
				2C506EF029FB041600105F7E /* Debug */,
				2C506EF129FB041600105F7E /* Release */,
			);
			defaultConfigurationIsVisible = 0;
			defaultConfigurationName = Release;
		};
		2C506EF229FB041600105F7E /* Build configuration list for PBXNativeTarget "GlobalAnywhereUITests" */ = {
			isa = XCConfigurationList;
			buildConfigurations = (
				2C506EF329FB041600105F7E /* Debug */,
				2C506EF429FB041600105F7E /* Release */,
			);
			defaultConfigurationIsVisible = 0;
			defaultConfigurationName = Release;
		};
/* End XCConfigurationList section */
	};
	rootObject = 2C506EBA29FB041300105F7E /* Project object */;
}
